// !$*UTF8*$!
{
	archiveVersion = 1;
	classes = {
	};
	objectVersion = 56;
	objects = {

/* Begin PBXBuildFile section */
		3609AEFB293165280010B8BD /* Color+Extension.swift in Sources */ = {isa = PBXBuildFile; fileRef = 3609AEFA293165280010B8BD /* Color+Extension.swift */; };
		3609AEFD2931681F0010B8BD /* Array+Extension.swift in Sources */ = {isa = PBXBuildFile; fileRef = 3609AEFC2931681F0010B8BD /* Array+Extension.swift */; };
		3611ADA9292EB4D5004C2126 /* WeatherebuildApp.swift in Sources */ = {isa = PBXBuildFile; fileRef = 3611ADA8292EB4D5004C2126 /* WeatherebuildApp.swift */; };
		3611ADAB292EB4D5004C2126 /* ContentView.swift in Sources */ = {isa = PBXBuildFile; fileRef = 3611ADAA292EB4D5004C2126 /* ContentView.swift */; };
		3611ADAD292EB4D8004C2126 /* Assets.xcassets in Resources */ = {isa = PBXBuildFile; fileRef = 3611ADAC292EB4D8004C2126 /* Assets.xcassets */; };
		3611ADB0292EB4D8004C2126 /* Preview Assets.xcassets in Resources */ = {isa = PBXBuildFile; fileRef = 3611ADAF292EB4D8004C2126 /* Preview Assets.xcassets */; };
		3611ADB7292EDA07004C2126 /* Cloud.swift in Sources */ = {isa = PBXBuildFile; fileRef = 3611ADB6292EDA07004C2126 /* Cloud.swift */; };
		3611ADB9292FE1A0004C2126 /* CloudGroup.swift in Sources */ = {isa = PBXBuildFile; fileRef = 3611ADB8292FE1A0004C2126 /* CloudGroup.swift */; };
		3611ADBB292FF188004C2126 /* CloudsView.swift in Sources */ = {isa = PBXBuildFile; fileRef = 3611ADBA292FF188004C2126 /* CloudsView.swift */; };
		3640F6F6293695CF005D3237 /* Storm.swift in Sources */ = {isa = PBXBuildFile; fileRef = 3640F6F5293695CF005D3237 /* Storm.swift */; };
		3640F6F82936961F005D3237 /* StormDrop.swift in Sources */ = {isa = PBXBuildFile; fileRef = 3640F6F72936961F005D3237 /* StormDrop.swift */; };
		3640F6FA29369B89005D3237 /* StormView.swift in Sources */ = {isa = PBXBuildFile; fileRef = 3640F6F929369B89005D3237 /* StormView.swift */; };
		36897FCD2933FB8F00A97888 /* Star.swift in Sources */ = {isa = PBXBuildFile; fileRef = 36897FCC2933FB8F00A97888 /* Star.swift */; };
		36897FCF2933FBAD00A97888 /* StarField.swift in Sources */ = {isa = PBXBuildFile; fileRef = 36897FCE2933FBAD00A97888 /* StarField.swift */; };
		36897FD12933FBC400A97888 /* StarsView.swift in Sources */ = {isa = PBXBuildFile; fileRef = 36897FD02933FBC400A97888 /* StarsView.swift */; };
/* End PBXBuildFile section */

/* Begin PBXFileReference section */
		3609AEFA293165280010B8BD /* Color+Extension.swift */ = {isa = PBXFileReference; lastKnownFileType = sourcecode.swift; path = "Color+Extension.swift"; sourceTree = "<group>"; };
		3609AEFC2931681F0010B8BD /* Array+Extension.swift */ = {isa = PBXFileReference; lastKnownFileType = sourcecode.swift; path = "Array+Extension.swift"; sourceTree = "<group>"; };
		3611ADA5292EB4D5004C2126 /* Weatherebuild.app */ = {isa = PBXFileReference; explicitFileType = wrapper.application; includeInIndex = 0; path = Weatherebuild.app; sourceTree = BUILT_PRODUCTS_DIR; };
		3611ADA8292EB4D5004C2126 /* WeatherebuildApp.swift */ = {isa = PBXFileReference; lastKnownFileType = sourcecode.swift; path = WeatherebuildApp.swift; sourceTree = "<group>"; };
		3611ADAA292EB4D5004C2126 /* ContentView.swift */ = {isa = PBXFileReference; lastKnownFileType = sourcecode.swift; path = ContentView.swift; sourceTree = "<group>"; };
		3611ADAC292EB4D8004C2126 /* Assets.xcassets */ = {isa = PBXFileReference; lastKnownFileType = folder.assetcatalog; path = Assets.xcassets; sourceTree = "<group>"; };
		3611ADAF292EB4D8004C2126 /* Preview Assets.xcassets */ = {isa = PBXFileReference; lastKnownFileType = folder.assetcatalog; path = "Preview Assets.xcassets"; sourceTree = "<group>"; };
		3611ADB6292EDA07004C2126 /* Cloud.swift */ = {isa = PBXFileReference; lastKnownFileType = sourcecode.swift; path = Cloud.swift; sourceTree = "<group>"; };
		3611ADB8292FE1A0004C2126 /* CloudGroup.swift */ = {isa = PBXFileReference; lastKnownFileType = sourcecode.swift; path = CloudGroup.swift; sourceTree = "<group>"; };
		3611ADBA292FF188004C2126 /* CloudsView.swift */ = {isa = PBXFileReference; lastKnownFileType = sourcecode.swift; path = CloudsView.swift; sourceTree = "<group>"; };
		3640F6F5293695CF005D3237 /* Storm.swift */ = {isa = PBXFileReference; lastKnownFileType = sourcecode.swift; path = Storm.swift; sourceTree = "<group>"; };
		3640F6F72936961F005D3237 /* StormDrop.swift */ = {isa = PBXFileReference; lastKnownFileType = sourcecode.swift; path = StormDrop.swift; sourceTree = "<group>"; };
		3640F6F929369B89005D3237 /* StormView.swift */ = {isa = PBXFileReference; lastKnownFileType = sourcecode.swift; path = StormView.swift; sourceTree = "<group>"; };
		36897FCC2933FB8F00A97888 /* Star.swift */ = {isa = PBXFileReference; lastKnownFileType = sourcecode.swift; path = Star.swift; sourceTree = "<group>"; };
		36897FCE2933FBAD00A97888 /* StarField.swift */ = {isa = PBXFileReference; lastKnownFileType = sourcecode.swift; path = StarField.swift; sourceTree = "<group>"; };
		36897FD02933FBC400A97888 /* StarsView.swift */ = {isa = PBXFileReference; lastKnownFileType = sourcecode.swift; path = StarsView.swift; sourceTree = "<group>"; };
/* End PBXFileReference section */

/* Begin PBXFrameworksBuildPhase section */
		3611ADA2292EB4D5004C2126 /* Frameworks */ = {
			isa = PBXFrameworksBuildPhase;
			buildActionMask = 2147483647;
			files = (
			);
			runOnlyForDeploymentPostprocessing = 0;
		};
/* End PBXFrameworksBuildPhase section */

/* Begin PBXGroup section */
		3611AD9C292EB4D5004C2126 = {
			isa = PBXGroup;
			children = (
				3611ADA7292EB4D5004C2126 /* Weatherebuild */,
				3611ADA6292EB4D5004C2126 /* Products */,
			);
			sourceTree = "<group>";
		};
		3611ADA6292EB4D5004C2126 /* Products */ = {
			isa = PBXGroup;
			children = (
				3611ADA5292EB4D5004C2126 /* Weatherebuild.app */,
			);
			name = Products;
			sourceTree = "<group>";
		};
		3611ADA7292EB4D5004C2126 /* Weatherebuild */ = {
			isa = PBXGroup;
			children = (
				3611ADA8292EB4D5004C2126 /* WeatherebuildApp.swift */,
				3611ADAA292EB4D5004C2126 /* ContentView.swift */,
				3611ADAC292EB4D8004C2126 /* Assets.xcassets */,
				3611ADAE292EB4D8004C2126 /* Preview Content */,
				36897FCB2933FAB700A97888 /* Clouds */,
				36897FCA2933FAA400A97888 /* Extensions */,
				36897FD22933FBCA00A97888 /* Stars */,
				3640F6FB2936C0BB005D3237 /* Storm */,
			);
			path = Weatherebuild;
			sourceTree = "<group>";
		};
		3611ADAE292EB4D8004C2126 /* Preview Content */ = {
			isa = PBXGroup;
			children = (
				3611ADAF292EB4D8004C2126 /* Preview Assets.xcassets */,
			);
			path = "Preview Content";
			sourceTree = "<group>";
		};
		3640F6FB2936C0BB005D3237 /* Storm */ = {
			isa = PBXGroup;
			children = (
				3640F6F5293695CF005D3237 /* Storm.swift */,
				3640F6F72936961F005D3237 /* StormDrop.swift */,
				3640F6F929369B89005D3237 /* StormView.swift */,
			);
			path = Storm;
			sourceTree = "<group>";
		};
		36897FCA2933FAA400A97888 /* Extensions */ = {
			isa = PBXGroup;
			children = (
				3609AEFA293165280010B8BD /* Color+Extension.swift */,
				3609AEFC2931681F0010B8BD /* Array+Extension.swift */,
			);
			path = Extensions;
			sourceTree = "<group>";
		};
		36897FCB2933FAB700A97888 /* Clouds */ = {
			isa = PBXGroup;
			children = (
				3611ADB6292EDA07004C2126 /* Cloud.swift */,
				3611ADB8292FE1A0004C2126 /* CloudGroup.swift */,
				3611ADBA292FF188004C2126 /* CloudsView.swift */,
			);
			path = Clouds;
			sourceTree = "<group>";
		};
		36897FD22933FBCA00A97888 /* Stars */ = {
			isa = PBXGroup;
			children = (
				36897FCC2933FB8F00A97888 /* Star.swift */,
				36897FCE2933FBAD00A97888 /* StarField.swift */,
				36897FD02933FBC400A97888 /* StarsView.swift */,
			);
			path = Stars;
			sourceTree = "<group>";
		};
/* End PBXGroup section */

/* Begin PBXNativeTarget section */
		3611ADA4292EB4D5004C2126 /* Weatherebuild */ = {
			isa = PBXNativeTarget;
			buildConfigurationList = 3611ADB3292EB4D8004C2126 /* Build configuration list for PBXNativeTarget "Weatherebuild" */;
			buildPhases = (
				3611ADA1292EB4D5004C2126 /* Sources */,
				3611ADA2292EB4D5004C2126 /* Frameworks */,
				3611ADA3292EB4D5004C2126 /* Resources */,
			);
			buildRules = (
			);
			dependencies = (
			);
			name = Weatherebuild;
			productName = Weatherebuild;
			productReference = 3611ADA5292EB4D5004C2126 /* Weatherebuild.app */;
			productType = "com.apple.product-type.application";
		};
/* End PBXNativeTarget section */

/* Begin PBXProject section */
		3611AD9D292EB4D5004C2126 /* Project object */ = {
			isa = PBXProject;
			attributes = {
				BuildIndependentTargetsInParallel = 1;
				LastSwiftUpdateCheck = 1410;
				LastUpgradeCheck = 1410;
				TargetAttributes = {
					3611ADA4292EB4D5004C2126 = {
						CreatedOnToolsVersion = 14.1;
					};
				};
			};
			buildConfigurationList = 3611ADA0292EB4D5004C2126 /* Build configuration list for PBXProject "Weatherebuild" */;
			compatibilityVersion = "Xcode 14.0";
			developmentRegion = en;
			hasScannedForEncodings = 0;
			knownRegions = (
				en,
				Base,
			);
			mainGroup = 3611AD9C292EB4D5004C2126;
			productRefGroup = 3611ADA6292EB4D5004C2126 /* Products */;
			projectDirPath = "";
			projectRoot = "";
			targets = (
				3611ADA4292EB4D5004C2126 /* Weatherebuild */,
			);
		};
/* End PBXProject section */

/* Begin PBXResourcesBuildPhase section */
		3611ADA3292EB4D5004C2126 /* Resources */ = {
			isa = PBXResourcesBuildPhase;
			buildActionMask = 2147483647;
			files = (
				3611ADB0292EB4D8004C2126 /* Preview Assets.xcassets in Resources */,
				3611ADAD292EB4D8004C2126 /* Assets.xcassets in Resources */,
			);
			runOnlyForDeploymentPostprocessing = 0;
		};
/* End PBXResourcesBuildPhase section */

/* Begin PBXSourcesBuildPhase section */
		3611ADA1292EB4D5004C2126 /* Sources */ = {
			isa = PBXSourcesBuildPhase;
			buildActionMask = 2147483647;
			files = (
				3611ADAB292EB4D5004C2126 /* ContentView.swift in Sources */,
				36897FCF2933FBAD00A97888 /* StarField.swift in Sources */,
				3640F6FA29369B89005D3237 /* StormView.swift in Sources */,
				36897FD12933FBC400A97888 /* StarsView.swift in Sources */,
				3640F6F6293695CF005D3237 /* Storm.swift in Sources */,
				3611ADB7292EDA07004C2126 /* Cloud.swift in Sources */,
				3609AEFB293165280010B8BD /* Color+Extension.swift in Sources */,
				3611ADA9292EB4D5004C2126 /* WeatherebuildApp.swift in Sources */,
				3609AEFD2931681F0010B8BD /* Array+Extension.swift in Sources */,
				3640F6F82936961F005D3237 /* StormDrop.swift in Sources */,
				3611ADB9292FE1A0004C2126 /* CloudGroup.swift in Sources */,
				3611ADBB292FF188004C2126 /* CloudsView.swift in Sources */,
				36897FCD2933FB8F00A97888 /* Star.swift in Sources */,
			);
			runOnlyForDeploymentPostprocessing = 0;
		};
/* End PBXSourcesBuildPhase section */

/* Begin XCBuildConfiguration section */
		3611ADB1292EB4D8004C2126 /* Debug */ = {
			isa = XCBuildConfiguration;
			buildSettings = {
				ALWAYS_SEARCH_USER_PATHS = NO;
				CLANG_ANALYZER_NONNULL = YES;
				CLANG_ANALYZER_NUMBER_OBJECT_CONVERSION = YES_AGGRESSIVE;
				CLANG_CXX_LANGUAGE_STANDARD = "gnu++20";
				CLANG_ENABLE_MODULES = YES;
				CLANG_ENABLE_OBJC_ARC = YES;
				CLANG_ENABLE_OBJC_WEAK = YES;
				CLANG_WARN_BLOCK_CAPTURE_AUTORELEASING = YES;
				CLANG_WARN_BOOL_CONVERSION = YES;
				CLANG_WARN_COMMA = YES;
				CLANG_WARN_CONSTANT_CONVERSION = YES;
				CLANG_WARN_DEPRECATED_OBJC_IMPLEMENTATIONS = YES;
				CLANG_WARN_DIRECT_OBJC_ISA_USAGE = YES_ERROR;
				CLANG_WARN_DOCUMENTATION_COMMENTS = YES;
				CLANG_WARN_EMPTY_BODY = YES;
				CLANG_WARN_ENUM_CONVERSION = YES;
				CLANG_WARN_INFINITE_RECURSION = YES;
				CLANG_WARN_INT_CONVERSION = YES;
				CLANG_WARN_NON_LITERAL_NULL_CONVERSION = YES;
				CLANG_WARN_OBJC_IMPLICIT_RETAIN_SELF = YES;
				CLANG_WARN_OBJC_LITERAL_CONVERSION = YES;
				CLANG_WARN_OBJC_ROOT_CLASS = YES_ERROR;
				CLANG_WARN_QUOTED_INCLUDE_IN_FRAMEWORK_HEADER = YES;
				CLANG_WARN_RANGE_LOOP_ANALYSIS = YES;
				CLANG_WARN_STRICT_PROTOTYPES = YES;
				CLANG_WARN_SUSPICIOUS_MOVE = YES;
				CLANG_WARN_UNGUARDED_AVAILABILITY = YES_AGGRESSIVE;
				CLANG_WARN_UNREACHABLE_CODE = YES;
				CLANG_WARN__DUPLICATE_METHOD_MATCH = YES;
				COPY_PHASE_STRIP = NO;
				DEBUG_INFORMATION_FORMAT = dwarf;
				ENABLE_STRICT_OBJC_MSGSEND = YES;
				ENABLE_TESTABILITY = YES;
				GCC_C_LANGUAGE_STANDARD = gnu11;
				GCC_DYNAMIC_NO_PIC = NO;
				GCC_NO_COMMON_BLOCKS = YES;
				GCC_OPTIMIZATION_LEVEL = 0;
				GCC_PREPROCESSOR_DEFINITIONS = (
					"DEBUG=1",
					"$(inherited)",
				);
				GCC_WARN_64_TO_32_BIT_CONVERSION = YES;
				GCC_WARN_ABOUT_RETURN_TYPE = YES_ERROR;
				GCC_WARN_UNDECLARED_SELECTOR = YES;
				GCC_WARN_UNINITIALIZED_AUTOS = YES_AGGRESSIVE;
				GCC_WARN_UNUSED_FUNCTION = YES;
				GCC_WARN_UNUSED_VARIABLE = YES;
				IPHONEOS_DEPLOYMENT_TARGET = 16.1;
				MTL_ENABLE_DEBUG_INFO = INCLUDE_SOURCE;
				MTL_FAST_MATH = YES;
				ONLY_ACTIVE_ARCH = YES;
				SDKROOT = iphoneos;
				SWIFT_ACTIVE_COMPILATION_CONDITIONS = DEBUG;
				SWIFT_OPTIMIZATION_LEVEL = "-Onone";
			};
			name = Debug;
		};
		3611ADB2292EB4D8004C2126 /* Release */ = {
			isa = XCBuildConfiguration;
			buildSettings = {
				ALWAYS_SEARCH_USER_PATHS = NO;
				CLANG_ANALYZER_NONNULL = YES;
				CLANG_ANALYZER_NUMBER_OBJECT_CONVERSION = YES_AGGRESSIVE;
				CLANG_CXX_LANGUAGE_STANDARD = "gnu++20";
				CLANG_ENABLE_MODULES = YES;
				CLANG_ENABLE_OBJC_ARC = YES;
				CLANG_ENABLE_OBJC_WEAK = YES;
				CLANG_WARN_BLOCK_CAPTURE_AUTORELEASING = YES;
				CLANG_WARN_BOOL_CONVERSION = YES;
				CLANG_WARN_COMMA = YES;
				CLANG_WARN_CONSTANT_CONVERSION = YES;
				CLANG_WARN_DEPRECATED_OBJC_IMPLEMENTATIONS = YES;
				CLANG_WARN_DIRECT_OBJC_ISA_USAGE = YES_ERROR;
				CLANG_WARN_DOCUMENTATION_COMMENTS = YES;
				CLANG_WARN_EMPTY_BODY = YES;
				CLANG_WARN_ENUM_CONVERSION = YES;
				CLANG_WARN_INFINITE_RECURSION = YES;
				CLANG_WARN_INT_CONVERSION = YES;
				CLANG_WARN_NON_LITERAL_NULL_CONVERSION = YES;
				CLANG_WARN_OBJC_IMPLICIT_RETAIN_SELF = YES;
				CLANG_WARN_OBJC_LITERAL_CONVERSION = YES;
				CLANG_WARN_OBJC_ROOT_CLASS = YES_ERROR;
				CLANG_WARN_QUOTED_INCLUDE_IN_FRAMEWORK_HEADER = YES;
				CLANG_WARN_RANGE_LOOP_ANALYSIS = YES;
				CLANG_WARN_STRICT_PROTOTYPES = YES;
				CLANG_WARN_SUSPICIOUS_MOVE = YES;
				CLANG_WARN_UNGUARDED_AVAILABILITY = YES_AGGRESSIVE;
				CLANG_WARN_UNREACHABLE_CODE = YES;
				CLANG_WARN__DUPLICATE_METHOD_MATCH = YES;
				COPY_PHASE_STRIP = NO;
				DEBUG_INFORMATION_FORMAT = "dwarf-with-dsym";
				ENABLE_NS_ASSERTIONS = NO;
				ENABLE_STRICT_OBJC_MSGSEND = YES;
				GCC_C_LANGUAGE_STANDARD = gnu11;
				GCC_NO_COMMON_BLOCKS = YES;
				GCC_WARN_64_TO_32_BIT_CONVERSION = YES;
				GCC_WARN_ABOUT_RETURN_TYPE = YES_ERROR;
				GCC_WARN_UNDECLARED_SELECTOR = YES;
				GCC_WARN_UNINITIALIZED_AUTOS = YES_AGGRESSIVE;
				GCC_WARN_UNUSED_FUNCTION = YES;
				GCC_WARN_UNUSED_VARIABLE = YES;
				IPHONEOS_DEPLOYMENT_TARGET = 16.1;
				MTL_ENABLE_DEBUG_INFO = NO;
				MTL_FAST_MATH = YES;
				SDKROOT = iphoneos;
				SWIFT_COMPILATION_MODE = wholemodule;
				SWIFT_OPTIMIZATION_LEVEL = "-O";
				VALIDATE_PRODUCT = YES;
			};
			name = Release;
		};
		3611ADB4292EB4D8004C2126 /* Debug */ = {
			isa = XCBuildConfiguration;
			buildSettings = {
				ASSETCATALOG_COMPILER_APPICON_NAME = AppIcon;
				ASSETCATALOG_COMPILER_GLOBAL_ACCENT_COLOR_NAME = AccentColor;
				CODE_SIGN_STYLE = Automatic;
				CURRENT_PROJECT_VERSION = 1;
				DEVELOPMENT_ASSET_PATHS = "\"Weatherebuild/Preview Content\"";
				DEVELOPMENT_TEAM = CJ7JF497NG;
				ENABLE_PREVIEWS = YES;
				GENERATE_INFOPLIST_FILE = YES;
				INFOPLIST_KEY_UIApplicationSceneManifest_Generation = YES;
				INFOPLIST_KEY_UIApplicationSupportsIndirectInputEvents = YES;
				INFOPLIST_KEY_UILaunchScreen_Generation = YES;
				INFOPLIST_KEY_UISupportedInterfaceOrientations_iPad = "UIInterfaceOrientationPortrait UIInterfaceOrientationPortraitUpsideDown UIInterfaceOrientationLandscapeLeft UIInterfaceOrientationLandscapeRight";
				INFOPLIST_KEY_UISupportedInterfaceOrientations_iPhone = "UIInterfaceOrientationPortrait UIInterfaceOrientationLandscapeLeft UIInterfaceOrientationLandscapeRight";
				LD_RUNPATH_SEARCH_PATHS = (
					"$(inherited)",
					"@executable_path/Frameworks",
				);
				MARKETING_VERSION = 1.0;
				PRODUCT_BUNDLE_IDENTIFIER = com.example.Weatherebuild;
				PRODUCT_NAME = "$(TARGET_NAME)";
				SWIFT_EMIT_LOC_STRINGS = YES;
				SWIFT_VERSION = 5.0;
				TARGETED_DEVICE_FAMILY = "1,2";
			};
			name = Debug;
		};
		3611ADB5292EB4D8004C2126 /* Release */ = {
			isa = XCBuildConfiguration;
			buildSettings = {
				ASSETCATALOG_COMPILER_APPICON_NAME = AppIcon;
				ASSETCATALOG_COMPILER_GLOBAL_ACCENT_COLOR_NAME = AccentColor;
				CODE_SIGN_STYLE = Automatic;
				CURRENT_PROJECT_VERSION = 1;
				DEVELOPMENT_ASSET_PATHS = "\"Weatherebuild/Preview Content\"";
				DEVELOPMENT_TEAM = CJ7JF497NG;
				ENABLE_PREVIEWS = YES;
				GENERATE_INFOPLIST_FILE = YES;
				INFOPLIST_KEY_UIApplicationSceneManifest_Generation = YES;
				INFOPLIST_KEY_UIApplicationSupportsIndirectInputEvents = YES;
				INFOPLIST_KEY_UILaunchScreen_Generation = YES;
				INFOPLIST_KEY_UISupportedInterfaceOrientations_iPad = "UIInterfaceOrientationPortrait UIInterfaceOrientationPortraitUpsideDown UIInterfaceOrientationLandscapeLeft UIInterfaceOrientationLandscapeRight";
				INFOPLIST_KEY_UISupportedInterfaceOrientations_iPhone = "UIInterfaceOrientationPortrait UIInterfaceOrientationLandscapeLeft UIInterfaceOrientationLandscapeRight";
				LD_RUNPATH_SEARCH_PATHS = (
					"$(inherited)",
					"@executable_path/Frameworks",
				);
				MARKETING_VERSION = 1.0;
				PRODUCT_BUNDLE_IDENTIFIER = com.example.Weatherebuild;
				PRODUCT_NAME = "$(TARGET_NAME)";
				SWIFT_EMIT_LOC_STRINGS = YES;
				SWIFT_VERSION = 5.0;
				TARGETED_DEVICE_FAMILY = "1,2";
			};
			name = Release;
		};
/* End XCBuildConfiguration section */

/* Begin XCConfigurationList section */
		3611ADA0292EB4D5004C2126 /* Build configuration list for PBXProject "Weatherebuild" */ = {
			isa = XCConfigurationList;
			buildConfigurations = (
				3611ADB1292EB4D8004C2126 /* Debug */,
				3611ADB2292EB4D8004C2126 /* Release */,
			);
			defaultConfigurationIsVisible = 0;
			defaultConfigurationName = Release;
		};
		3611ADB3292EB4D8004C2126 /* Build configuration list for PBXNativeTarget "Weatherebuild" */ = {
			isa = XCConfigurationList;
			buildConfigurations = (
				3611ADB4292EB4D8004C2126 /* Debug */,
				3611ADB5292EB4D8004C2126 /* Release */,
			);
			defaultConfigurationIsVisible = 0;
			defaultConfigurationName = Release;
		};
/* End XCConfigurationList section */
	};
	rootObject = 3611AD9D292EB4D5004C2126 /* Project object */;
}
